
Microsoft Visual Studio Solution File, Format Version 12.00
# Visual Studio Version 16
VisualStudioVersion = 16.0.30104.148
MinimumVisualStudioVersion = 10.0.40219.1
Project("{FAE04EC0-301F-11D3-BF4B-00C04F79EFBC}") = "KVLS2_C1", "KVLS2_C1.csproj", "{CA905666-8E43-4972-B36C-6DB33E993B55}"
EndProject
Global
	GlobalSection(SolutionConfigurationPlatforms) = preSolution
		Debug|Any CPU = Debug|Any CPU
		Release|Any CPU = Release|Any CPU
	EndGlobalSection
	GlobalSection(ProjectConfigurationPlatforms) = postSolution
		{CA905666-8E43-4972-B36C-6DB33E993B55}.Debug|Any CPU.ActiveCfg = Debug|Any CPU
		{CA905666-8E43-4972-B36C-6DB33E993B55}.Debug|Any CPU.Build.0 = Debug|Any CPU
		{CA905666-8E43-4972-B36C-6DB33E993B55}.Release|Any CPU.ActiveCfg = Release|Any CPU
		{CA905666-8E43-4972-B36C-6DB33E993B55}.Release|Any CPU.Build.0 = Release|Any CPU
	EndGlobalSection
	GlobalSection(SolutionProperties) = preSolution
		HideSolutionNode = FALSE
	EndGlobalSection
	GlobalSection(ExtensibilityGlobals) = postSolution
		SolutionGuid = {145FD0CC-AE83-42E3-8D64-79D56DEA0172}
	EndGlobalSection
EndGlobal
